
Microsoft Visual Studio Solution File, Format Version 12.00
# Visual Studio 15
VisualStudioVersion = 15.0.26730.12
MinimumVisualStudioVersion = 10.0.40219.1
Project("{8BC9CEB8-8B4A-11D0-8D11-00A0C91BC942}") = "SMS", "SMS\SMS.vcxproj", "{422A46C3-6BF3-48C3-8BCB-A89FC5D894C4}"
EndProject
Global
	GlobalSection(SolutionConfigurationPlatforms) = preSolution
		Debug|x64 = Debug|x64
		Debug|x86 = Debug|x86
		Release|x64 = Release|x64
		Release|x86 = Release|x86
	EndGlobalSection
	GlobalSection(ProjectConfigurationPlatforms) = postSolution
		{422A46C3-6BF3-48C3-8BCB-A89FC5D894C4}.Debug|x64.ActiveCfg = Debug|x64
		{422A46C3-6BF3-48C3-8BCB-A89FC5D894C4}.Debug|x64.Build.0 = Debug|x64
		{422A46C3-6BF3-48C3-8BCB-A89FC5D894C4}.Debug|x86.ActiveCfg = Debug|Win32
		{422A46C3-6BF3-48C3-8BCB-A89FC5D894C4}.Debug|x86.Build.0 = Debug|Win32
		{422A46C3-6BF3-48C3-8BCB-A89FC5D894C4}.Release|x64.ActiveCfg = Release|x64
		{422A46C3-6BF3-48C3-8BCB-A89FC5D894C4}.Release|x64.Build.0 = Release|x64
		{422A46C3-6BF3-48C3-8BCB-A89FC5D894C4}.Release|x86.ActiveCfg = Release|Win32
		{422A46C3-6BF3-48C3-8BCB-A89FC5D894C4}.Release|x86.Build.0 = Release|Win32
	EndGlobalSection
	GlobalSection(SolutionProperties) = preSolution
		HideSolutionNode = FALSE
	EndGlobalSection
	GlobalSection(ExtensibilityGlobals) = postSolution
		SolutionGuid = {181CE58F-2910-4862-9DB1-7C124CB6BA4A}
	EndGlobalSection
EndGlobal
